
Microsoft Visual Studio Solution File, Format Version 12.00
# Visual Studio Version 17
VisualStudioVersion = 17.9.34622.214
MinimumVisualStudioVersion = 10.0.40219.1
Project("{FAE04EC0-301F-11D3-BF4B-00C04F79EFBC}") = "FindWord", "FindWord\FindWord.csproj", "{FF361387-7884-4596-A82A-D3CBF0259FB6}"
EndProject
Global
	GlobalSection(SolutionConfigurationPlatforms) = preSolution
		Debug|Any CPU = Debug|Any CPU
		Release|Any CPU = Release|Any CPU
	EndGlobalSection
	GlobalSection(ProjectConfigurationPlatforms) = postSolution
		{FF361387-7884-4596-A82A-D3CBF0259FB6}.Debug|Any CPU.ActiveCfg = Debug|Any CPU
		{FF361387-7884-4596-A82A-D3CBF0259FB6}.Debug|Any CPU.Build.0 = Debug|Any CPU
		{FF361387-7884-4596-A82A-D3CBF0259FB6}.Release|Any CPU.ActiveCfg = Release|Any CPU
		{FF361387-7884-4596-A82A-D3CBF0259FB6}.Release|Any CPU.Build.0 = Release|Any CPU
	EndGlobalSection
	GlobalSection(SolutionProperties) = preSolution
		HideSolutionNode = FALSE
	EndGlobalSection
	GlobalSection(ExtensibilityGlobals) = postSolution
		SolutionGuid = {6A486DDC-1469-4355-80E3-25A8DF826365}
	EndGlobalSection
EndGlobal
